
Microsoft Visual Studio Solution File, Format Version 12.00
# Visual Studio Version 16
VisualStudioVersion = 16.0.31515.178
MinimumVisualStudioVersion = 10.0.40219.1
Project("{FAE04EC0-301F-11D3-BF4B-00C04F79EFBC}") = "Lab01", "SINHVIEN\Lab01.csproj", "{9441DBD7-635E-49F0-BD3C-6B1B86624AE7}"
EndProject
Project("{FAE04EC0-301F-11D3-BF4B-00C04F79EFBC}") = "Lab01-2", "Student1.2\Lab01-2.csproj", "{9372E21E-29CD-425E-B4D4-388BB469FBA1}"
EndProject
Project("{FAE04EC0-301F-11D3-BF4B-00C04F79EFBC}") = "Lab01-3", "Lab01-Bai3\Lab01-3.csproj", "{F98E4AA5-F68F-4C08-8E48-7CDA6F69EA3E}"
EndProject
Project("{FAE04EC0-301F-11D3-BF4B-00C04F79EFBC}") = "Lab01-4", "Lab01-4\Lab01-4.csproj", "{A349A3BA-BE02-4DEB-B933-E52728C283B2}"
EndProject
Global
	GlobalSection(SolutionConfigurationPlatforms) = preSolution
		Debug|Any CPU = Debug|Any CPU
		Release|Any CPU = Release|Any CPU
	EndGlobalSection
	GlobalSection(ProjectConfigurationPlatforms) = postSolution
		{9441DBD7-635E-49F0-BD3C-6B1B86624AE7}.Debug|Any CPU.ActiveCfg = Debug|Any CPU
		{9441DBD7-635E-49F0-BD3C-6B1B86624AE7}.Debug|Any CPU.Build.0 = Debug|Any CPU
		{9441DBD7-635E-49F0-BD3C-6B1B86624AE7}.Release|Any CPU.ActiveCfg = Release|Any CPU
		{9441DBD7-635E-49F0-BD3C-6B1B86624AE7}.Release|Any CPU.Build.0 = Release|Any CPU
		{9372E21E-29CD-425E-B4D4-388BB469FBA1}.Debug|Any CPU.ActiveCfg = Debug|Any CPU
		{9372E21E-29CD-425E-B4D4-388BB469FBA1}.Debug|Any CPU.Build.0 = Debug|Any CPU
		{9372E21E-29CD-425E-B4D4-388BB469FBA1}.Release|Any CPU.ActiveCfg = Release|Any CPU
		{9372E21E-29CD-425E-B4D4-388BB469FBA1}.Release|Any CPU.Build.0 = Release|Any CPU
		{F98E4AA5-F68F-4C08-8E48-7CDA6F69EA3E}.Debug|Any CPU.ActiveCfg = Debug|Any CPU
		{F98E4AA5-F68F-4C08-8E48-7CDA6F69EA3E}.Debug|Any CPU.Build.0 = Debug|Any CPU
		{F98E4AA5-F68F-4C08-8E48-7CDA6F69EA3E}.Release|Any CPU.ActiveCfg = Release|Any CPU
		{F98E4AA5-F68F-4C08-8E48-7CDA6F69EA3E}.Release|Any CPU.Build.0 = Release|Any CPU
		{A349A3BA-BE02-4DEB-B933-E52728C283B2}.Debug|Any CPU.ActiveCfg = Debug|Any CPU
		{A349A3BA-BE02-4DEB-B933-E52728C283B2}.Debug|Any CPU.Build.0 = Debug|Any CPU
		{A349A3BA-BE02-4DEB-B933-E52728C283B2}.Release|Any CPU.ActiveCfg = Release|Any CPU
		{A349A3BA-BE02-4DEB-B933-E52728C283B2}.Release|Any CPU.Build.0 = Release|Any CPU
	EndGlobalSection
	GlobalSection(SolutionProperties) = preSolution
		HideSolutionNode = FALSE
	EndGlobalSection
	GlobalSection(ExtensibilityGlobals) = postSolution
		SolutionGuid = {39273947-BF1E-4FC6-AC65-42168F4F876B}
	EndGlobalSection
EndGlobal
