
Microsoft Visual Studio Solution File, Format Version 12.00
# Visual Studio Version 16
VisualStudioVersion = 16.0.31613.86
MinimumVisualStudioVersion = 10.0.40219.1
Project("{FAE04EC0-301F-11D3-BF4B-00C04F79EFBC}") = "LAB05", "LAB05\LAB05.csproj", "{BB6DD4CE-F760-4C38-81F6-A1C2FA53D7E7}"
EndProject
Global
	GlobalSection(SolutionConfigurationPlatforms) = preSolution
		Debug|Any CPU = Debug|Any CPU
		Release|Any CPU = Release|Any CPU
	EndGlobalSection
	GlobalSection(ProjectConfigurationPlatforms) = postSolution
		{BB6DD4CE-F760-4C38-81F6-A1C2FA53D7E7}.Debug|Any CPU.ActiveCfg = Debug|Any CPU
		{BB6DD4CE-F760-4C38-81F6-A1C2FA53D7E7}.Debug|Any CPU.Build.0 = Debug|Any CPU
		{BB6DD4CE-F760-4C38-81F6-A1C2FA53D7E7}.Release|Any CPU.ActiveCfg = Release|Any CPU
		{BB6DD4CE-F760-4C38-81F6-A1C2FA53D7E7}.Release|Any CPU.Build.0 = Release|Any CPU
	EndGlobalSection
	GlobalSection(SolutionProperties) = preSolution
		HideSolutionNode = FALSE
	EndGlobalSection
	GlobalSection(ExtensibilityGlobals) = postSolution
		SolutionGuid = {BF646289-DF6C-4778-B52D-9045BB81ACDB}
	EndGlobalSection
EndGlobal
